
Microsoft Visual Studio Solution File, Format Version 12.00
# Visual Studio Version 17
VisualStudioVersion = 17.3.32825.248
MinimumVisualStudioVersion = 10.0.40219.1
Project("{FAE04EC0-301F-11D3-BF4B-00C04F79EFBC}") = "WinTweakTool", "WinTweakTool\WinTweakTool.csproj", "{709194B1-6324-4395-9D9F-03A9DC2690BA}"
EndProject
Global
	GlobalSection(SolutionConfigurationPlatforms) = preSolution
		Debug|Any CPU = Debug|Any CPU
		Release|Any CPU = Release|Any CPU
	EndGlobalSection
	GlobalSection(ProjectConfigurationPlatforms) = postSolution
		{709194B1-6324-4395-9D9F-03A9DC2690BA}.Debug|Any CPU.ActiveCfg = Debug|Any CPU
		{709194B1-6324-4395-9D9F-03A9DC2690BA}.Debug|Any CPU.Build.0 = Debug|Any CPU
		{709194B1-6324-4395-9D9F-03A9DC2690BA}.Release|Any CPU.ActiveCfg = Release|Any CPU
		{709194B1-6324-4395-9D9F-03A9DC2690BA}.Release|Any CPU.Build.0 = Release|Any CPU
	EndGlobalSection
	GlobalSection(SolutionProperties) = preSolution
		HideSolutionNode = FALSE
	EndGlobalSection
	GlobalSection(ExtensibilityGlobals) = postSolution
		SolutionGuid = {E0E25B9C-428C-440A-9B36-FA0414D7F622}
	EndGlobalSection
EndGlobal
